
Microsoft Visual Studio Solution File, Format Version 12.00
# Visual Studio Version 17
VisualStudioVersion = 17.7.34031.279
MinimumVisualStudioVersion = 10.0.40219.1
Project("{FAE04EC0-301F-11D3-BF4B-00C04F79EFBC}") = "Data types", "Data types\Data types.csproj", "{BB3BFD64-0E95-4239-8F14-2E1EFE6A3734}"
EndProject
Global
	GlobalSection(SolutionConfigurationPlatforms) = preSolution
		Debug|Any CPU = Debug|Any CPU
		Release|Any CPU = Release|Any CPU
	EndGlobalSection
	GlobalSection(ProjectConfigurationPlatforms) = postSolution
		{BB3BFD64-0E95-4239-8F14-2E1EFE6A3734}.Debug|Any CPU.ActiveCfg = Debug|Any CPU
		{BB3BFD64-0E95-4239-8F14-2E1EFE6A3734}.Debug|Any CPU.Build.0 = Debug|Any CPU
		{BB3BFD64-0E95-4239-8F14-2E1EFE6A3734}.Release|Any CPU.ActiveCfg = Release|Any CPU
		{BB3BFD64-0E95-4239-8F14-2E1EFE6A3734}.Release|Any CPU.Build.0 = Release|Any CPU
	EndGlobalSection
	GlobalSection(SolutionProperties) = preSolution
		HideSolutionNode = FALSE
	EndGlobalSection
	GlobalSection(ExtensibilityGlobals) = postSolution
		SolutionGuid = {8C48A322-9A8F-4640-8615-E755B79BC91B}
	EndGlobalSection
EndGlobal
